
Microsoft Visual Studio Solution File, Format Version 12.00
# Visual Studio Version 16
VisualStudioVersion = 16.0.29324.140
MinimumVisualStudioVersion = 10.0.40219.1
Project("{FAE04EC0-301F-11D3-BF4B-00C04F79EFBC}") = "2_18Sep", "2_18Sep\2_18Sep.csproj", "{740D7617-CC3E-4405-9BBE-F06DC9FF5053}"
EndProject
Global
	GlobalSection(SolutionConfigurationPlatforms) = preSolution
		Debug|Any CPU = Debug|Any CPU
		Release|Any CPU = Release|Any CPU
	EndGlobalSection
	GlobalSection(ProjectConfigurationPlatforms) = postSolution
		{740D7617-CC3E-4405-9BBE-F06DC9FF5053}.Debug|Any CPU.ActiveCfg = Debug|Any CPU
		{740D7617-CC3E-4405-9BBE-F06DC9FF5053}.Debug|Any CPU.Build.0 = Debug|Any CPU
		{740D7617-CC3E-4405-9BBE-F06DC9FF5053}.Release|Any CPU.ActiveCfg = Release|Any CPU
		{740D7617-CC3E-4405-9BBE-F06DC9FF5053}.Release|Any CPU.Build.0 = Release|Any CPU
	EndGlobalSection
	GlobalSection(SolutionProperties) = preSolution
		HideSolutionNode = FALSE
	EndGlobalSection
	GlobalSection(ExtensibilityGlobals) = postSolution
		SolutionGuid = {930EE211-FF3B-4347-9EA4-148AB5A7328A}
	EndGlobalSection
EndGlobal
